
Microsoft Visual Studio Solution File, Format Version 12.00
Project("{FAE04EC0-301F-11D3-BF4B-00C04F79EFBC}") = "BattleBitAPI.Addons.CommandHandler", "BattleBitAPI.Addons.CommandHandler\BattleBitAPI.Addons.CommandHandler.csproj", "{0F6330BF-F62C-4DD5-BF47-294B7BCCE78F}"
EndProject
Project("{FAE04EC0-301F-11D3-BF4B-00C04F79EFBC}") = "BattleBitAPI.Addons.Common", "BattleBitAPI.Addons.Common\BattleBitAPI.Addons.Common.csproj", "{0843ADC1-BB7B-45C5-BB58-58F7A3256D65}"
EndProject
Project("{FAE04EC0-301F-11D3-BF4B-00C04F79EFBC}") = "BattleBitAPI.Addons.Examples", "BattleBitAPI.Addons.Examples\BattleBitAPI.Addons.Examples.csproj", "{32AD4641-21BE-43E5-AD92-F8A147FDBA8C}"
EndProject
Global
	GlobalSection(SolutionConfigurationPlatforms) = preSolution
		Debug|Any CPU = Debug|Any CPU
		Release|Any CPU = Release|Any CPU
	EndGlobalSection
	GlobalSection(ProjectConfigurationPlatforms) = postSolution
		{0F6330BF-F62C-4DD5-BF47-294B7BCCE78F}.Debug|Any CPU.ActiveCfg = Debug|Any CPU
		{0F6330BF-F62C-4DD5-BF47-294B7BCCE78F}.Debug|Any CPU.Build.0 = Debug|Any CPU
		{0F6330BF-F62C-4DD5-BF47-294B7BCCE78F}.Release|Any CPU.ActiveCfg = Release|Any CPU
		{0F6330BF-F62C-4DD5-BF47-294B7BCCE78F}.Release|Any CPU.Build.0 = Release|Any CPU
		{0843ADC1-BB7B-45C5-BB58-58F7A3256D65}.Debug|Any CPU.ActiveCfg = Debug|Any CPU
		{0843ADC1-BB7B-45C5-BB58-58F7A3256D65}.Debug|Any CPU.Build.0 = Debug|Any CPU
		{0843ADC1-BB7B-45C5-BB58-58F7A3256D65}.Release|Any CPU.ActiveCfg = Release|Any CPU
		{0843ADC1-BB7B-45C5-BB58-58F7A3256D65}.Release|Any CPU.Build.0 = Release|Any CPU
		{32AD4641-21BE-43E5-AD92-F8A147FDBA8C}.Debug|Any CPU.ActiveCfg = Debug|Any CPU
		{32AD4641-21BE-43E5-AD92-F8A147FDBA8C}.Debug|Any CPU.Build.0 = Debug|Any CPU
		{32AD4641-21BE-43E5-AD92-F8A147FDBA8C}.Release|Any CPU.ActiveCfg = Release|Any CPU
		{32AD4641-21BE-43E5-AD92-F8A147FDBA8C}.Release|Any CPU.Build.0 = Release|Any CPU
	EndGlobalSection
EndGlobal
